
Microsoft Visual Studio Solution File, Format Version 12.00
# Visual Studio Version 16
VisualStudioVersion = 16.0.29905.134
MinimumVisualStudioVersion = 10.0.40219.1
Project("{FAE04EC0-301F-11D3-BF4B-00C04F79EFBC}") = "User_Interface_PLC_ROBOT", "User_Interface_PLC_ROBOT.csproj", "{2A83C2F8-3D92-4DF9-B0D5-88C60B476C4F}"
EndProject
Global
	GlobalSection(SolutionConfigurationPlatforms) = preSolution
		Debug|Any CPU = Debug|Any CPU
		Release|Any CPU = Release|Any CPU
	EndGlobalSection
	GlobalSection(ProjectConfigurationPlatforms) = postSolution
		{2A83C2F8-3D92-4DF9-B0D5-88C60B476C4F}.Debug|Any CPU.ActiveCfg = Debug|Any CPU
		{2A83C2F8-3D92-4DF9-B0D5-88C60B476C4F}.Debug|Any CPU.Build.0 = Debug|Any CPU
		{2A83C2F8-3D92-4DF9-B0D5-88C60B476C4F}.Release|Any CPU.ActiveCfg = Release|Any CPU
		{2A83C2F8-3D92-4DF9-B0D5-88C60B476C4F}.Release|Any CPU.Build.0 = Release|Any CPU
	EndGlobalSection
	GlobalSection(SolutionProperties) = preSolution
		HideSolutionNode = FALSE
	EndGlobalSection
	GlobalSection(ExtensibilityGlobals) = postSolution
		SolutionGuid = {8D442564-8D81-474F-8B02-D718547C972B}
	EndGlobalSection
EndGlobal
